// !$*UTF8*$!
{
	archiveVersion = 1;
	classes = {
	};
	objectVersion = 46;
	objects = {

/* Begin PBXBuildFile section */
		83C75EB916A5BE860017D0C3 /* QuartzCore.framework in Frameworks */ = {isa = PBXBuildFile; fileRef = 83C75EB816A5BE860017D0C3 /* QuartzCore.framework */; };
		83C75EBB16A5BE860017D0C3 /* OpenGLES.framework in Frameworks */ = {isa = PBXBuildFile; fileRef = 83C75EBA16A5BE860017D0C3 /* OpenGLES.framework */; };
		83C75EBD16A5BE860017D0C3 /* OpenAL.framework in Frameworks */ = {isa = PBXBuildFile; fileRef = 83C75EBC16A5BE860017D0C3 /* OpenAL.framework */; };
		83C75EBF16A5BE860017D0C3 /* AudioToolbox.framework in Frameworks */ = {isa = PBXBuildFile; fileRef = 83C75EBE16A5BE860017D0C3 /* AudioToolbox.framework */; };
		83C75EC116A5BE860017D0C3 /* AVFoundation.framework in Frameworks */ = {isa = PBXBuildFile; fileRef = 83C75EC016A5BE860017D0C3 /* AVFoundation.framework */; };
		83C75EC316A5BE860017D0C3 /* UIKit.framework in Frameworks */ = {isa = PBXBuildFile; fileRef = 83C75EC216A5BE860017D0C3 /* UIKit.framework */; };
		83C75EC516A5BE860017D0C3 /* Foundation.framework in Frameworks */ = {isa = PBXBuildFile; fileRef = 83C75EC416A5BE860017D0C3 /* Foundation.framework */; };
		83C75EC716A5BE860017D0C3 /* CoreGraphics.framework in Frameworks */ = {isa = PBXBuildFile; fileRef = 83C75EC616A5BE860017D0C3 /* CoreGraphics.framework */; };
		83C75EC916A5BE860017D0C3 /* GameKit.framework in Frameworks */ = {isa = PBXBuildFile; fileRef = 83C75EC816A5BE860017D0C3 /* GameKit.framework */; };
		83C75ECD16A5BE860017D0C3 /* Default.png in Resources */ = {isa = PBXBuildFile; fileRef = 83C75ECC16A5BE860017D0C3 /* Default.png */; };
		83C75ECF16A5BE860017D0C3 /* Default@2x.png in Resources */ = {isa = PBXBuildFile; fileRef = 83C75ECE16A5BE860017D0C3 /* Default@2x.png */; };
		83C75ED116A5BE860017D0C3 /* Default-568h@2x.png in Resources */ = {isa = PBXBuildFile; fileRef = 83C75ED016A5BE860017D0C3 /* Default-568h@2x.png */; };
		83C75ED316A5BE860017D0C3 /* Default-Landscape~ipad.png in Resources */ = {isa = PBXBuildFile; fileRef = 83C75ED216A5BE860017D0C3 /* Default-Landscape~ipad.png */; };
		83C75ED516A5BE860017D0C3 /* fps_images.png in Resources */ = {isa = PBXBuildFile; fileRef = 83C75ED416A5BE860017D0C3 /* fps_images.png */; };
		83C75ED716A5BE860017D0C3 /* fps_images-hd.png in Resources */ = {isa = PBXBuildFile; fileRef = 83C75ED616A5BE860017D0C3 /* fps_images-hd.png */; };
		83C75ED916A5BE860017D0C3 /* fps_images-ipadhd.png in Resources */ = {isa = PBXBuildFile; fileRef = 83C75ED816A5BE860017D0C3 /* fps_images-ipadhd.png */; };
		83C75EDB16A5BE860017D0C3 /* Icon-72.png in Resources */ = {isa = PBXBuildFile; fileRef = 83C75EDA16A5BE860017D0C3 /* Icon-72.png */; };
		83C75EDD16A5BE860017D0C3 /* Icon-Small-50.png in Resources */ = {isa = PBXBuildFile; fileRef = 83C75EDC16A5BE860017D0C3 /* Icon-Small-50.png */; };
		83C75EDF16A5BE860017D0C3 /* Icon-Small.png in Resources */ = {isa = PBXBuildFile; fileRef = 83C75EDE16A5BE860017D0C3 /* Icon-Small.png */; };
		83C75EE116A5BE860017D0C3 /* Icon-Small@2x.png in Resources */ = {isa = PBXBuildFile; fileRef = 83C75EE016A5BE860017D0C3 /* Icon-Small@2x.png */; };
		83C75EE316A5BE860017D0C3 /* Icon.png in Resources */ = {isa = PBXBuildFile; fileRef = 83C75EE216A5BE860017D0C3 /* Icon.png */; };
		83C75EE516A5BE860017D0C3 /* Icon@2x.png in Resources */ = {isa = PBXBuildFile; fileRef = 83C75EE416A5BE860017D0C3 /* Icon@2x.png */; };
		83C75EE816A5BE860017D0C3 /* iTunesArtwork in Resources */ = {isa = PBXBuildFile; fileRef = 83C75EE716A5BE860017D0C3 /* iTunesArtwork */; };
		83C7605316A5BE890017D0C3 /* main.m in Sources */ = {isa = PBXBuildFile; fileRef = 83C7605216A5BE890017D0C3 /* main.m */; };
		83C7605616A5BE890017D0C3 /* AppDelegate.m in Sources */ = {isa = PBXBuildFile; fileRef = 83C7605516A5BE890017D0C3 /* AppDelegate.m */; };
		83C7605916A5BE890017D0C3 /* HelloWorldLayer.m in Sources */ = {isa = PBXBuildFile; fileRef = 83C7605816A5BE890017D0C3 /* HelloWorldLayer.m */; };
		83C7605C16A5BE890017D0C3 /* IntroLayer.m in Sources */ = {isa = PBXBuildFile; fileRef = 83C7605B16A5BE890017D0C3 /* IntroLayer.m */; };
		83C7606516A5CAFA0017D0C3 /* CZGSpinLayer.m in Sources */ = {isa = PBXBuildFile; fileRef = 83C7606416A5CAFA0017D0C3 /* CZGSpinLayer.m */; settings = {COMPILER_FLAGS = "-fobjc-arc"; }; };
		B6D9EF0444CE4B15878D8D88 /* libPods.a in Frameworks */ = {isa = PBXBuildFile; fileRef = 0462E900969C4300BA114C5F /* libPods.a */; };
/* End PBXBuildFile section */

/* Begin PBXFileReference section */
		0462E900969C4300BA114C5F /* libPods.a */ = {isa = PBXFileReference; explicitFileType = archive.ar; includeInIndex = 0; path = libPods.a; sourceTree = BUILT_PRODUCTS_DIR; };
		5FA95A03D2AB48EA90FF126F /* Pods.xcconfig */ = {isa = PBXFileReference; includeInIndex = 1; lastKnownFileType = text.xcconfig; name = Pods.xcconfig; path = Pods/Pods.xcconfig; sourceTree = SOURCE_ROOT; };
		83C75EB416A5BE860017D0C3 /* CZGSpinLayerExample.app */ = {isa = PBXFileReference; explicitFileType = wrapper.application; includeInIndex = 0; path = CZGSpinLayerExample.app; sourceTree = BUILT_PRODUCTS_DIR; };
		83C75EB816A5BE860017D0C3 /* QuartzCore.framework */ = {isa = PBXFileReference; lastKnownFileType = wrapper.framework; name = QuartzCore.framework; path = System/Library/Frameworks/QuartzCore.framework; sourceTree = SDKROOT; };
		83C75EBA16A5BE860017D0C3 /* OpenGLES.framework */ = {isa = PBXFileReference; lastKnownFileType = wrapper.framework; name = OpenGLES.framework; path = System/Library/Frameworks/OpenGLES.framework; sourceTree = SDKROOT; };
		83C75EBC16A5BE860017D0C3 /* OpenAL.framework */ = {isa = PBXFileReference; lastKnownFileType = wrapper.framework; name = OpenAL.framework; path = System/Library/Frameworks/OpenAL.framework; sourceTree = SDKROOT; };
		83C75EBE16A5BE860017D0C3 /* AudioToolbox.framework */ = {isa = PBXFileReference; lastKnownFileType = wrapper.framework; name = AudioToolbox.framework; path = System/Library/Frameworks/AudioToolbox.framework; sourceTree = SDKROOT; };
		83C75EC016A5BE860017D0C3 /* AVFoundation.framework */ = {isa = PBXFileReference; lastKnownFileType = wrapper.framework; name = AVFoundation.framework; path = System/Library/Frameworks/AVFoundation.framework; sourceTree = SDKROOT; };
		83C75EC216A5BE860017D0C3 /* UIKit.framework */ = {isa = PBXFileReference; lastKnownFileType = wrapper.framework; name = UIKit.framework; path = System/Library/Frameworks/UIKit.framework; sourceTree = SDKROOT; };
		83C75EC416A5BE860017D0C3 /* Foundation.framework */ = {isa = PBXFileReference; lastKnownFileType = wrapper.framework; name = Foundation.framework; path = System/Library/Frameworks/Foundation.framework; sourceTree = SDKROOT; };
		83C75EC616A5BE860017D0C3 /* CoreGraphics.framework */ = {isa = PBXFileReference; lastKnownFileType = wrapper.framework; name = CoreGraphics.framework; path = System/Library/Frameworks/CoreGraphics.framework; sourceTree = SDKROOT; };
		83C75EC816A5BE860017D0C3 /* GameKit.framework */ = {isa = PBXFileReference; lastKnownFileType = wrapper.framework; name = GameKit.framework; path = System/Library/Frameworks/GameKit.framework; sourceTree = SDKROOT; };
		83C75ECC16A5BE860017D0C3 /* Default.png */ = {isa = PBXFileReference; lastKnownFileType = image.png; name = Default.png; path = Resources/Default.png; sourceTree = "<group>"; };
		83C75ECE16A5BE860017D0C3 /* Default@2x.png */ = {isa = PBXFileReference; lastKnownFileType = image.png; name = "Default@2x.png"; path = "Resources/Default@2x.png"; sourceTree = "<group>"; };
		83C75ED016A5BE860017D0C3 /* Default-568h@2x.png */ = {isa = PBXFileReference; lastKnownFileType = image.png; name = "Default-568h@2x.png"; path = "Resources/Default-568h@2x.png"; sourceTree = "<group>"; };
		83C75ED216A5BE860017D0C3 /* Default-Landscape~ipad.png */ = {isa = PBXFileReference; lastKnownFileType = image.png; name = "Default-Landscape~ipad.png"; path = "Resources/Default-Landscape~ipad.png"; sourceTree = "<group>"; };
		83C75ED416A5BE860017D0C3 /* fps_images.png */ = {isa = PBXFileReference; lastKnownFileType = image.png; name = fps_images.png; path = Resources/fps_images.png; sourceTree = "<group>"; };
		83C75ED616A5BE860017D0C3 /* fps_images-hd.png */ = {isa = PBXFileReference; lastKnownFileType = image.png; name = "fps_images-hd.png"; path = "Resources/fps_images-hd.png"; sourceTree = "<group>"; };
		83C75ED816A5BE860017D0C3 /* fps_images-ipadhd.png */ = {isa = PBXFileReference; lastKnownFileType = image.png; name = "fps_images-ipadhd.png"; path = "Resources/fps_images-ipadhd.png"; sourceTree = "<group>"; };
		83C75EDA16A5BE860017D0C3 /* Icon-72.png */ = {isa = PBXFileReference; lastKnownFileType = image.png; name = "Icon-72.png"; path = "Resources/Icon-72.png"; sourceTree = "<group>"; };
		83C75EDC16A5BE860017D0C3 /* Icon-Small-50.png */ = {isa = PBXFileReference; lastKnownFileType = image.png; name = "Icon-Small-50.png"; path = "Resources/Icon-Small-50.png"; sourceTree = "<group>"; };
		83C75EDE16A5BE860017D0C3 /* Icon-Small.png */ = {isa = PBXFileReference; lastKnownFileType = image.png; name = "Icon-Small.png"; path = "Resources/Icon-Small.png"; sourceTree = "<group>"; };
		83C75EE016A5BE860017D0C3 /* Icon-Small@2x.png */ = {isa = PBXFileReference; lastKnownFileType = image.png; name = "Icon-Small@2x.png"; path = "Resources/Icon-Small@2x.png"; sourceTree = "<group>"; };
		83C75EE216A5BE860017D0C3 /* Icon.png */ = {isa = PBXFileReference; lastKnownFileType = image.png; name = Icon.png; path = Resources/Icon.png; sourceTree = "<group>"; };
		83C75EE416A5BE860017D0C3 /* Icon@2x.png */ = {isa = PBXFileReference; lastKnownFileType = image.png; name = "Icon@2x.png"; path = "Resources/Icon@2x.png"; sourceTree = "<group>"; };
		83C75EE616A5BE860017D0C3 /* Info.plist */ = {isa = PBXFileReference; lastKnownFileType = text.plist.xml; name = Info.plist; path = Resources/Info.plist; sourceTree = "<group>"; };
		83C75EE716A5BE860017D0C3 /* iTunesArtwork */ = {isa = PBXFileReference; lastKnownFileType = file; name = iTunesArtwork; path = Resources/iTunesArtwork; sourceTree = "<group>"; };
		83C7605116A5BE890017D0C3 /* Prefix.pch */ = {isa = PBXFileReference; lastKnownFileType = sourcecode.c.h; path = Prefix.pch; sourceTree = "<group>"; };
		83C7605216A5BE890017D0C3 /* main.m */ = {isa = PBXFileReference; lastKnownFileType = sourcecode.c.objc; path = main.m; sourceTree = "<group>"; };
		83C7605416A5BE890017D0C3 /* AppDelegate.h */ = {isa = PBXFileReference; lastKnownFileType = sourcecode.c.h; path = AppDelegate.h; sourceTree = "<group>"; };
		83C7605516A5BE890017D0C3 /* AppDelegate.m */ = {isa = PBXFileReference; lastKnownFileType = sourcecode.c.objc; path = AppDelegate.m; sourceTree = "<group>"; };
		83C7605716A5BE890017D0C3 /* HelloWorldLayer.h */ = {isa = PBXFileReference; lastKnownFileType = sourcecode.c.h; path = HelloWorldLayer.h; sourceTree = "<group>"; };
		83C7605816A5BE890017D0C3 /* HelloWorldLayer.m */ = {isa = PBXFileReference; lastKnownFileType = sourcecode.c.objc; path = HelloWorldLayer.m; sourceTree = "<group>"; };
		83C7605A16A5BE890017D0C3 /* IntroLayer.h */ = {isa = PBXFileReference; lastKnownFileType = sourcecode.c.h; path = IntroLayer.h; sourceTree = "<group>"; };
		83C7605B16A5BE890017D0C3 /* IntroLayer.m */ = {isa = PBXFileReference; lastKnownFileType = sourcecode.c.objc; path = IntroLayer.m; sourceTree = "<group>"; };
		83C7606316A5CAFA0017D0C3 /* CZGSpinLayer.h */ = {isa = PBXFileReference; fileEncoding = 4; lastKnownFileType = sourcecode.c.h; path = CZGSpinLayer.h; sourceTree = "<group>"; };
		83C7606416A5CAFA0017D0C3 /* CZGSpinLayer.m */ = {isa = PBXFileReference; fileEncoding = 4; lastKnownFileType = sourcecode.c.objc; path = CZGSpinLayer.m; sourceTree = "<group>"; };
		83C7606616A5CC650017D0C3 /* CZGSpinLayerMacros.h */ = {isa = PBXFileReference; lastKnownFileType = sourcecode.c.h; path = CZGSpinLayerMacros.h; sourceTree = "<group>"; };
/* End PBXFileReference section */

/* Begin PBXFrameworksBuildPhase section */
		83C75EB116A5BE860017D0C3 /* Frameworks */ = {
			isa = PBXFrameworksBuildPhase;
			buildActionMask = 2147483647;
			files = (
				83C75EB916A5BE860017D0C3 /* QuartzCore.framework in Frameworks */,
				83C75EBB16A5BE860017D0C3 /* OpenGLES.framework in Frameworks */,
				83C75EBD16A5BE860017D0C3 /* OpenAL.framework in Frameworks */,
				83C75EBF16A5BE860017D0C3 /* AudioToolbox.framework in Frameworks */,
				83C75EC116A5BE860017D0C3 /* AVFoundation.framework in Frameworks */,
				83C75EC316A5BE860017D0C3 /* UIKit.framework in Frameworks */,
				83C75EC516A5BE860017D0C3 /* Foundation.framework in Frameworks */,
				83C75EC716A5BE860017D0C3 /* CoreGraphics.framework in Frameworks */,
				83C75EC916A5BE860017D0C3 /* GameKit.framework in Frameworks */,
				B6D9EF0444CE4B15878D8D88 /* libPods.a in Frameworks */,
			);
			runOnlyForDeploymentPostprocessing = 0;
		};
/* End PBXFrameworksBuildPhase section */

/* Begin PBXGroup section */
		83C75EA916A5BE860017D0C3 = {
			isa = PBXGroup;
			children = (
				83C7606216A5CAFA0017D0C3 /* Classes */,
				83C75ECA16A5BE860017D0C3 /* CZGSpinLayerExample */,
				83C75EB716A5BE860017D0C3 /* Frameworks */,
				83C75EB516A5BE860017D0C3 /* Products */,
				5FA95A03D2AB48EA90FF126F /* Pods.xcconfig */,
			);
			sourceTree = "<group>";
		};
		83C75EB516A5BE860017D0C3 /* Products */ = {
			isa = PBXGroup;
			children = (
				83C75EB416A5BE860017D0C3 /* CZGSpinLayerExample.app */,
			);
			name = Products;
			sourceTree = "<group>";
		};
		83C75EB716A5BE860017D0C3 /* Frameworks */ = {
			isa = PBXGroup;
			children = (
				83C75EB816A5BE860017D0C3 /* QuartzCore.framework */,
				83C75EBA16A5BE860017D0C3 /* OpenGLES.framework */,
				83C75EBC16A5BE860017D0C3 /* OpenAL.framework */,
				83C75EBE16A5BE860017D0C3 /* AudioToolbox.framework */,
				83C75EC016A5BE860017D0C3 /* AVFoundation.framework */,
				83C75EC216A5BE860017D0C3 /* UIKit.framework */,
				83C75EC416A5BE860017D0C3 /* Foundation.framework */,
				83C75EC616A5BE860017D0C3 /* CoreGraphics.framework */,
				83C75EC816A5BE860017D0C3 /* GameKit.framework */,
				0462E900969C4300BA114C5F /* libPods.a */,
			);
			name = Frameworks;
			sourceTree = "<group>";
		};
		83C75ECA16A5BE860017D0C3 /* CZGSpinLayerExample */ = {
			isa = PBXGroup;
			children = (
				83C7605416A5BE890017D0C3 /* AppDelegate.h */,
				83C7605516A5BE890017D0C3 /* AppDelegate.m */,
				83C7605716A5BE890017D0C3 /* HelloWorldLayer.h */,
				83C7605816A5BE890017D0C3 /* HelloWorldLayer.m */,
				83C7605A16A5BE890017D0C3 /* IntroLayer.h */,
				83C7605B16A5BE890017D0C3 /* IntroLayer.m */,
				83C75ECB16A5BE860017D0C3 /* Resources */,
				83C7605016A5BE890017D0C3 /* Supporting Files */,
			);
			path = CZGSpinLayerExample;
			sourceTree = "<group>";
		};
		83C75ECB16A5BE860017D0C3 /* Resources */ = {
			isa = PBXGroup;
			children = (
				83C75ECC16A5BE860017D0C3 /* Default.png */,
				83C75ECE16A5BE860017D0C3 /* Default@2x.png */,
				83C75ED016A5BE860017D0C3 /* Default-568h@2x.png */,
				83C75ED216A5BE860017D0C3 /* Default-Landscape~ipad.png */,
				83C75ED416A5BE860017D0C3 /* fps_images.png */,
				83C75ED616A5BE860017D0C3 /* fps_images-hd.png */,
				83C75ED816A5BE860017D0C3 /* fps_images-ipadhd.png */,
				83C75EDA16A5BE860017D0C3 /* Icon-72.png */,
				83C75EDC16A5BE860017D0C3 /* Icon-Small-50.png */,
				83C75EDE16A5BE860017D0C3 /* Icon-Small.png */,
				83C75EE016A5BE860017D0C3 /* Icon-Small@2x.png */,
				83C75EE216A5BE860017D0C3 /* Icon.png */,
				83C75EE416A5BE860017D0C3 /* Icon@2x.png */,
				83C75EE616A5BE860017D0C3 /* Info.plist */,
				83C75EE716A5BE860017D0C3 /* iTunesArtwork */,
			);
			name = Resources;
			sourceTree = "<group>";
		};
		83C7605016A5BE890017D0C3 /* Supporting Files */ = {
			isa = PBXGroup;
			children = (
				83C7605116A5BE890017D0C3 /* Prefix.pch */,
				83C7605216A5BE890017D0C3 /* main.m */,
			);
			name = "Supporting Files";
			sourceTree = "<group>";
		};
		83C7606216A5CAFA0017D0C3 /* Classes */ = {
			isa = PBXGroup;
			children = (
				83C7606316A5CAFA0017D0C3 /* CZGSpinLayer.h */,
				83C7606416A5CAFA0017D0C3 /* CZGSpinLayer.m */,
				83C7606616A5CC650017D0C3 /* CZGSpinLayerMacros.h */,
			);
			name = Classes;
			path = ../Classes;
			sourceTree = "<group>";
		};
/* End PBXGroup section */

/* Begin PBXNativeTarget section */
		83C75EB316A5BE860017D0C3 /* CZGSpinLayerExample */ = {
			isa = PBXNativeTarget;
			buildConfigurationList = 83C7605F16A5BE890017D0C3 /* Build configuration list for PBXNativeTarget "CZGSpinLayerExample" */;
			buildPhases = (
				83C75EB016A5BE860017D0C3 /* Sources */,
				83C75EB116A5BE860017D0C3 /* Frameworks */,
				83C75EB216A5BE860017D0C3 /* Resources */,
				29EE9864FF76454DA9F44041 /* Copy Pods Resources */,
			);
			buildRules = (
			);
			dependencies = (
			);
			name = CZGSpinLayerExample;
			productName = CZGSpinLayerExample;
			productReference = 83C75EB416A5BE860017D0C3 /* CZGSpinLayerExample.app */;
			productType = "com.apple.product-type.application";
		};
/* End PBXNativeTarget section */

/* Begin PBXProject section */
		83C75EAB16A5BE860017D0C3 /* Project object */ = {
			isa = PBXProject;
			attributes = {
				LastUpgradeCheck = 0450;
				ORGANIZATIONNAME = ZWorkbench;
			};
			buildConfigurationList = 83C75EAE16A5BE860017D0C3 /* Build configuration list for PBXProject "CZGSpinLayerExample" */;
			compatibilityVersion = "Xcode 3.2";
			developmentRegion = English;
			hasScannedForEncodings = 0;
			knownRegions = (
				en,
			);
			mainGroup = 83C75EA916A5BE860017D0C3;
			productRefGroup = 83C75EB516A5BE860017D0C3 /* Products */;
			projectDirPath = "";
			projectRoot = "";
			targets = (
				83C75EB316A5BE860017D0C3 /* CZGSpinLayerExample */,
			);
		};
/* End PBXProject section */

/* Begin PBXResourcesBuildPhase section */
		83C75EB216A5BE860017D0C3 /* Resources */ = {
			isa = PBXResourcesBuildPhase;
			buildActionMask = 2147483647;
			files = (
				83C75ECD16A5BE860017D0C3 /* Default.png in Resources */,
				83C75ECF16A5BE860017D0C3 /* Default@2x.png in Resources */,
				83C75ED116A5BE860017D0C3 /* Default-568h@2x.png in Resources */,
				83C75ED316A5BE860017D0C3 /* Default-Landscape~ipad.png in Resources */,
				83C75ED516A5BE860017D0C3 /* fps_images.png in Resources */,
				83C75ED716A5BE860017D0C3 /* fps_images-hd.png in Resources */,
				83C75ED916A5BE860017D0C3 /* fps_images-ipadhd.png in Resources */,
				83C75EDB16A5BE860017D0C3 /* Icon-72.png in Resources */,
				83C75EDD16A5BE860017D0C3 /* Icon-Small-50.png in Resources */,
				83C75EDF16A5BE860017D0C3 /* Icon-Small.png in Resources */,
				83C75EE116A5BE860017D0C3 /* Icon-Small@2x.png in Resources */,
				83C75EE316A5BE860017D0C3 /* Icon.png in Resources */,
				83C75EE516A5BE860017D0C3 /* Icon@2x.png in Resources */,
				83C75EE816A5BE860017D0C3 /* iTunesArtwork in Resources */,
			);
			runOnlyForDeploymentPostprocessing = 0;
		};
/* End PBXResourcesBuildPhase section */

/* Begin PBXShellScriptBuildPhase section */
		29EE9864FF76454DA9F44041 /* Copy Pods Resources */ = {
			isa = PBXShellScriptBuildPhase;
			buildActionMask = 2147483647;
			files = (
			);
			inputPaths = (
			);
			name = "Copy Pods Resources";
			outputPaths = (
			);
			runOnlyForDeploymentPostprocessing = 0;
			shellPath = /bin/sh;
			shellScript = "\"${SRCROOT}/Pods/Pods-resources.sh\"\n";
		};
/* End PBXShellScriptBuildPhase section */

/* Begin PBXSourcesBuildPhase section */
		83C75EB016A5BE860017D0C3 /* Sources */ = {
			isa = PBXSourcesBuildPhase;
			buildActionMask = 2147483647;
			files = (
				83C7605316A5BE890017D0C3 /* main.m in Sources */,
				83C7605616A5BE890017D0C3 /* AppDelegate.m in Sources */,
				83C7605916A5BE890017D0C3 /* HelloWorldLayer.m in Sources */,
				83C7605C16A5BE890017D0C3 /* IntroLayer.m in Sources */,
				83C7606516A5CAFA0017D0C3 /* CZGSpinLayer.m in Sources */,
			);
			runOnlyForDeploymentPostprocessing = 0;
		};
/* End PBXSourcesBuildPhase section */

/* Begin XCBuildConfiguration section */
		83C7605D16A5BE890017D0C3 /* Debug */ = {
			isa = XCBuildConfiguration;
			buildSettings = {
				ARCHS = "$(ARCHS_STANDARD_32_BIT)";
				"CODE_SIGN_IDENTITY[sdk=iphoneos*]" = "iPhone Developer";
				GCC_C_LANGUAGE_STANDARD = gnu99;
				GCC_OPTIMIZATION_LEVEL = 0;
				GCC_PREPROCESSOR_DEFINITIONS = (
					DEBUG,
					"COCOS2D_DEBUG=1",
				);
				GCC_SYMBOLS_PRIVATE_EXTERN = NO;
				GCC_VERSION = com.apple.compilers.llvm.clang.1_0;
				GCC_WARN_ABOUT_RETURN_TYPE = YES;
				GCC_WARN_UNUSED_VARIABLE = YES;
				IPHONEOS_DEPLOYMENT_TARGET = 4.0;
				SDKROOT = iphoneos;
				TARGETED_DEVICE_FAMILY = "1,2";
			};
			name = Debug;
		};
		83C7605E16A5BE890017D0C3 /* Release */ = {
			isa = XCBuildConfiguration;
			buildSettings = {
				ARCHS = "$(ARCHS_STANDARD_32_BIT)";
				"CODE_SIGN_IDENTITY[sdk=iphoneos*]" = "iPhone Developer";
				GCC_C_LANGUAGE_STANDARD = gnu99;
				GCC_PREPROCESSOR_DEFINITIONS = (
					NDEBUG,
					"NS_BLOCK_ASSERTIONS=1",
				);
				GCC_VERSION = com.apple.compilers.llvm.clang.1_0;
				GCC_WARN_ABOUT_RETURN_TYPE = YES;
				GCC_WARN_UNUSED_VARIABLE = YES;
				IPHONEOS_DEPLOYMENT_TARGET = 4.0;
				SDKROOT = iphoneos;
				TARGETED_DEVICE_FAMILY = "1,2";
			};
			name = Release;
		};
		83C7606016A5BE890017D0C3 /* Debug */ = {
			isa = XCBuildConfiguration;
			baseConfigurationReference = 5FA95A03D2AB48EA90FF126F /* Pods.xcconfig */;
			buildSettings = {
				ALWAYS_SEARCH_USER_PATHS = "$(inherited)";
				COPY_PHASE_STRIP = NO;
				GCC_DYNAMIC_NO_PIC = NO;
				GCC_PRECOMPILE_PREFIX_HEADER = YES;
				GCC_PREFIX_HEADER = CZGSpinLayerExample/Prefix.pch;
				INFOPLIST_FILE = CZGSpinLayerExample/Resources/Info.plist;
				OTHER_LDFLAGS = (
					"-lz",
					"-ObjC",
				);
				PRODUCT_NAME = "$(TARGET_NAME)";
				WRAPPER_EXTENSION = app;
			};
			name = Debug;
		};
		83C7606116A5BE890017D0C3 /* Release */ = {
			isa = XCBuildConfiguration;
			baseConfigurationReference = 5FA95A03D2AB48EA90FF126F /* Pods.xcconfig */;
			buildSettings = {
				ALWAYS_SEARCH_USER_PATHS = "$(inherited)";
				COPY_PHASE_STRIP = YES;
				GCC_PRECOMPILE_PREFIX_HEADER = YES;
				GCC_PREFIX_HEADER = CZGSpinLayerExample/Prefix.pch;
				INFOPLIST_FILE = CZGSpinLayerExample/Resources/Info.plist;
				OTHER_LDFLAGS = (
					"-lz",
					"-ObjC",
				);
				PRODUCT_NAME = "$(TARGET_NAME)";
				VALIDATE_PRODUCT = YES;
				WRAPPER_EXTENSION = app;
			};
			name = Release;
		};
/* End XCBuildConfiguration section */

/* Begin XCConfigurationList section */
		83C75EAE16A5BE860017D0C3 /* Build configuration list for PBXProject "CZGSpinLayerExample" */ = {
			isa = XCConfigurationList;
			buildConfigurations = (
				83C7605D16A5BE890017D0C3 /* Debug */,
				83C7605E16A5BE890017D0C3 /* Release */,
			);
			defaultConfigurationIsVisible = 0;
			defaultConfigurationName = Release;
		};
		83C7605F16A5BE890017D0C3 /* Build configuration list for PBXNativeTarget "CZGSpinLayerExample" */ = {
			isa = XCConfigurationList;
			buildConfigurations = (
				83C7606016A5BE890017D0C3 /* Debug */,
				83C7606116A5BE890017D0C3 /* Release */,
			);
			defaultConfigurationIsVisible = 0;
			defaultConfigurationName = Release;
		};
/* End XCConfigurationList section */
	};
	rootObject = 83C75EAB16A5BE860017D0C3 /* Project object */;
}
